
Microsoft Visual Studio Solution File, Format Version 12.00
# Visual Studio Version 16
VisualStudioVersion = 16.0.30804.86
MinimumVisualStudioVersion = 10.0.40219.1
Project("{FAE04EC0-301F-11D3-BF4B-00C04F79EFBC}") = "NugetFakerInteractive", "NugetFakerInteractive\NugetFakerInteractive.csproj", "{215AD070-BA12-4DA1-9752-4D7A30F47F10}"
EndProject
Global
	GlobalSection(SolutionConfigurationPlatforms) = preSolution
		Debug|Any CPU = Debug|Any CPU
		Release|Any CPU = Release|Any CPU
	EndGlobalSection
	GlobalSection(ProjectConfigurationPlatforms) = postSolution
		{215AD070-BA12-4DA1-9752-4D7A30F47F10}.Debug|Any CPU.ActiveCfg = Debug|Any CPU
		{215AD070-BA12-4DA1-9752-4D7A30F47F10}.Debug|Any CPU.Build.0 = Debug|Any CPU
		{215AD070-BA12-4DA1-9752-4D7A30F47F10}.Release|Any CPU.ActiveCfg = Release|Any CPU
		{215AD070-BA12-4DA1-9752-4D7A30F47F10}.Release|Any CPU.Build.0 = Release|Any CPU
	EndGlobalSection
	GlobalSection(SolutionProperties) = preSolution
		HideSolutionNode = FALSE
	EndGlobalSection
	GlobalSection(ExtensibilityGlobals) = postSolution
		SolutionGuid = {99B0CF56-D67F-4124-881A-50165B7528D5}
	EndGlobalSection
EndGlobal
